
Microsoft Visual Studio Solution File, Format Version 12.00
# Visual Studio Version 16
VisualStudioVersion = 25.0.1706.0
MinimumVisualStudioVersion = 10.0.40219.1
Project("{2150E333-8FDC-42A3-9474-1A3956D46DE8}") = "src", "src", "{61829DC4-E96A-4B98-88C5-B052DD0C2197}"
EndProject
Project("{2150E333-8FDC-42A3-9474-1A3956D46DE8}") = "Api", "Api", "{CEA5282E-DF56-4DBF-9D9C-A62E316958C3}"
EndProject
Project("{2150E333-8FDC-42A3-9474-1A3956D46DE8}") = "Clients", "Clients", "{741DB4EF-A65D-4798-948A-04CE708AC4AC}"
EndProject
Project("{2150E333-8FDC-42A3-9474-1A3956D46DE8}") = "Common", "Common", "{167CC162-E392-4C32-A1A1-AB57AF6DD582}"
EndProject
Project("{2150E333-8FDC-42A3-9474-1A3956D46DE8}") = "Projections", "Projections", "{4E736A0E-1981-4083-B585-861871238AE4}"
EndProject
Project("{2150E333-8FDC-42A3-9474-1A3956D46DE8}") = "Core", "Core", "{23DCB2E0-CEF4-4CB9-BAF0-16A850A51D5A}"
EndProject
Project("{2150E333-8FDC-42A3-9474-1A3956D46DE8}") = "Infrastructure", "Infrastructure", "{0BAB9E96-6AD5-47D4-BB15-B70D5DCB14AF}"
EndProject
Project("{2150E333-8FDC-42A3-9474-1A3956D46DE8}") = "WebApi", "WebApi", "{EAC96216-87DA-47F8-9DF4-630E810B73FE}"
EndProject
Project("{2150E333-8FDC-42A3-9474-1A3956D46DE8}") = "BlazorWeb", "BlazorWeb", "{702880E0-1154-46A0-BDAE-5C9A3E6DD16F}"
EndProject
Project("{FAE04EC0-301F-11D3-BF4B-00C04F79EFBC}") = "Sozluk.Common", "Common\Sozluk.Common\Sozluk.Common.csproj", "{9D7EE282-E626-458A-8C42-75A0A65C70EB}"
EndProject
Project("{FAE04EC0-301F-11D3-BF4B-00C04F79EFBC}") = "Sozluk.Api.Domain", "Api\Core\Sozluk.Api.Domain\Sozluk.Api.Domain.csproj", "{D57889B1-5A4C-43EB-92FD-2DA8F2E23738}"
EndProject
Project("{FAE04EC0-301F-11D3-BF4B-00C04F79EFBC}") = "Sozluk.Api.Application", "Api\Core\Sozluk.Api.Application\Sozluk.Api.Application.csproj", "{DE102C69-D63D-48A0-B2CF-35114E3DF0D9}"
EndProject
Project("{FAE04EC0-301F-11D3-BF4B-00C04F79EFBC}") = "Sozluk.Infrastructure.Persistence", "Api\Infrastructure\Sozluk.Infrastructure.Persistence\Sozluk.Infrastructure.Persistence.csproj", "{C418CC10-1257-4E6A-946C-2DCAB53CBD81}"
EndProject
Project("{FAE04EC0-301F-11D3-BF4B-00C04F79EFBC}") = "Sozluk.Api.WebApi", "Api\WebApi\Sozluk.Api.WebApi\Sozluk.Api.WebApi.csproj", "{0DC3FB8F-C8A5-49F6-92F7-270E70CF9EC3}"
EndProject
Project("{FAE04EC0-301F-11D3-BF4B-00C04F79EFBC}") = "Sozluk.Projections.FavoriteService", "Projections\Sozluk.Projections.FavoriteService\Sozluk.Projections.FavoriteService.csproj", "{6A0488DD-CA22-4CB1-B5BA-F1225F16222A}"
EndProject
Project("{FAE04EC0-301F-11D3-BF4B-00C04F79EFBC}") = "Sozluk.Projections.UserService", "Projections\Sozluk.Projections.User\Sozluk.Projections.UserService.csproj", "{DB8212F3-251D-46B2-B1BB-DCEAC19A6330}"
EndProject
Project("{FAE04EC0-301F-11D3-BF4B-00C04F79EFBC}") = "Sozluk.Projections.VoteService", "Projections\Sozluk.Projections.VoteService\Sozluk.Projections.VoteService.csproj", "{D16A78B5-B0B9-421A-BBEA-6F9F9E375211}"
EndProject
Project("{FAE04EC0-301F-11D3-BF4B-00C04F79EFBC}") = "Sozluk.WebApp", "Clients\BlazorWeb\Sozluk.WebApp\Sozluk.WebApp.csproj", "{A01206D4-DDAE-438E-A0A0-9DBC8451D43E}"
EndProject
Global
	GlobalSection(SolutionConfigurationPlatforms) = preSolution
		Debug|Any CPU = Debug|Any CPU
		Release|Any CPU = Release|Any CPU
	EndGlobalSection
	GlobalSection(ProjectConfigurationPlatforms) = postSolution
		{9D7EE282-E626-458A-8C42-75A0A65C70EB}.Debug|Any CPU.ActiveCfg = Debug|Any CPU
		{9D7EE282-E626-458A-8C42-75A0A65C70EB}.Debug|Any CPU.Build.0 = Debug|Any CPU
		{9D7EE282-E626-458A-8C42-75A0A65C70EB}.Release|Any CPU.ActiveCfg = Release|Any CPU
		{9D7EE282-E626-458A-8C42-75A0A65C70EB}.Release|Any CPU.Build.0 = Release|Any CPU
		{D57889B1-5A4C-43EB-92FD-2DA8F2E23738}.Debug|Any CPU.ActiveCfg = Debug|Any CPU
		{D57889B1-5A4C-43EB-92FD-2DA8F2E23738}.Debug|Any CPU.Build.0 = Debug|Any CPU
		{D57889B1-5A4C-43EB-92FD-2DA8F2E23738}.Release|Any CPU.ActiveCfg = Release|Any CPU
		{D57889B1-5A4C-43EB-92FD-2DA8F2E23738}.Release|Any CPU.Build.0 = Release|Any CPU
		{DE102C69-D63D-48A0-B2CF-35114E3DF0D9}.Debug|Any CPU.ActiveCfg = Debug|Any CPU
		{DE102C69-D63D-48A0-B2CF-35114E3DF0D9}.Debug|Any CPU.Build.0 = Debug|Any CPU
		{DE102C69-D63D-48A0-B2CF-35114E3DF0D9}.Release|Any CPU.ActiveCfg = Release|Any CPU
		{DE102C69-D63D-48A0-B2CF-35114E3DF0D9}.Release|Any CPU.Build.0 = Release|Any CPU
		{C418CC10-1257-4E6A-946C-2DCAB53CBD81}.Debug|Any CPU.ActiveCfg = Debug|Any CPU
		{C418CC10-1257-4E6A-946C-2DCAB53CBD81}.Debug|Any CPU.Build.0 = Debug|Any CPU
		{C418CC10-1257-4E6A-946C-2DCAB53CBD81}.Release|Any CPU.ActiveCfg = Release|Any CPU
		{C418CC10-1257-4E6A-946C-2DCAB53CBD81}.Release|Any CPU.Build.0 = Release|Any CPU
		{0DC3FB8F-C8A5-49F6-92F7-270E70CF9EC3}.Debug|Any CPU.ActiveCfg = Debug|Any CPU
		{0DC3FB8F-C8A5-49F6-92F7-270E70CF9EC3}.Debug|Any CPU.Build.0 = Debug|Any CPU
		{0DC3FB8F-C8A5-49F6-92F7-270E70CF9EC3}.Release|Any CPU.ActiveCfg = Release|Any CPU
		{0DC3FB8F-C8A5-49F6-92F7-270E70CF9EC3}.Release|Any CPU.Build.0 = Release|Any CPU
		{6A0488DD-CA22-4CB1-B5BA-F1225F16222A}.Debug|Any CPU.ActiveCfg = Debug|Any CPU
		{6A0488DD-CA22-4CB1-B5BA-F1225F16222A}.Debug|Any CPU.Build.0 = Debug|Any CPU
		{6A0488DD-CA22-4CB1-B5BA-F1225F16222A}.Release|Any CPU.ActiveCfg = Release|Any CPU
		{6A0488DD-CA22-4CB1-B5BA-F1225F16222A}.Release|Any CPU.Build.0 = Release|Any CPU
		{DB8212F3-251D-46B2-B1BB-DCEAC19A6330}.Debug|Any CPU.ActiveCfg = Debug|Any CPU
		{DB8212F3-251D-46B2-B1BB-DCEAC19A6330}.Debug|Any CPU.Build.0 = Debug|Any CPU
		{DB8212F3-251D-46B2-B1BB-DCEAC19A6330}.Release|Any CPU.ActiveCfg = Release|Any CPU
		{DB8212F3-251D-46B2-B1BB-DCEAC19A6330}.Release|Any CPU.Build.0 = Release|Any CPU
		{D16A78B5-B0B9-421A-BBEA-6F9F9E375211}.Debug|Any CPU.ActiveCfg = Debug|Any CPU
		{D16A78B5-B0B9-421A-BBEA-6F9F9E375211}.Debug|Any CPU.Build.0 = Debug|Any CPU
		{D16A78B5-B0B9-421A-BBEA-6F9F9E375211}.Release|Any CPU.ActiveCfg = Release|Any CPU
		{D16A78B5-B0B9-421A-BBEA-6F9F9E375211}.Release|Any CPU.Build.0 = Release|Any CPU
		{A01206D4-DDAE-438E-A0A0-9DBC8451D43E}.Debug|Any CPU.ActiveCfg = Debug|Any CPU
		{A01206D4-DDAE-438E-A0A0-9DBC8451D43E}.Debug|Any CPU.Build.0 = Debug|Any CPU
		{A01206D4-DDAE-438E-A0A0-9DBC8451D43E}.Release|Any CPU.ActiveCfg = Release|Any CPU
		{A01206D4-DDAE-438E-A0A0-9DBC8451D43E}.Release|Any CPU.Build.0 = Release|Any CPU
	EndGlobalSection
	GlobalSection(SolutionProperties) = preSolution
		HideSolutionNode = FALSE
	EndGlobalSection
	GlobalSection(ExtensibilityGlobals) = postSolution
		SolutionGuid = {EE51D467-EB06-4AB3-B088-12E06F4CA922}
	EndGlobalSection
	GlobalSection(NestedProjects) = preSolution
		{CEA5282E-DF56-4DBF-9D9C-A62E316958C3} = {61829DC4-E96A-4B98-88C5-B052DD0C2197}
		{741DB4EF-A65D-4798-948A-04CE708AC4AC} = {61829DC4-E96A-4B98-88C5-B052DD0C2197}
		{167CC162-E392-4C32-A1A1-AB57AF6DD582} = {61829DC4-E96A-4B98-88C5-B052DD0C2197}
		{4E736A0E-1981-4083-B585-861871238AE4} = {61829DC4-E96A-4B98-88C5-B052DD0C2197}
		{23DCB2E0-CEF4-4CB9-BAF0-16A850A51D5A} = {CEA5282E-DF56-4DBF-9D9C-A62E316958C3}
		{0BAB9E96-6AD5-47D4-BB15-B70D5DCB14AF} = {CEA5282E-DF56-4DBF-9D9C-A62E316958C3}
		{EAC96216-87DA-47F8-9DF4-630E810B73FE} = {CEA5282E-DF56-4DBF-9D9C-A62E316958C3}
		{702880E0-1154-46A0-BDAE-5C9A3E6DD16F} = {741DB4EF-A65D-4798-948A-04CE708AC4AC}
		{9D7EE282-E626-458A-8C42-75A0A65C70EB} = {167CC162-E392-4C32-A1A1-AB57AF6DD582}
		{D57889B1-5A4C-43EB-92FD-2DA8F2E23738} = {23DCB2E0-CEF4-4CB9-BAF0-16A850A51D5A}
		{DE102C69-D63D-48A0-B2CF-35114E3DF0D9} = {23DCB2E0-CEF4-4CB9-BAF0-16A850A51D5A}
		{C418CC10-1257-4E6A-946C-2DCAB53CBD81} = {0BAB9E96-6AD5-47D4-BB15-B70D5DCB14AF}
		{0DC3FB8F-C8A5-49F6-92F7-270E70CF9EC3} = {EAC96216-87DA-47F8-9DF4-630E810B73FE}
		{6A0488DD-CA22-4CB1-B5BA-F1225F16222A} = {4E736A0E-1981-4083-B585-861871238AE4}
		{DB8212F3-251D-46B2-B1BB-DCEAC19A6330} = {4E736A0E-1981-4083-B585-861871238AE4}
		{D16A78B5-B0B9-421A-BBEA-6F9F9E375211} = {4E736A0E-1981-4083-B585-861871238AE4}
		{A01206D4-DDAE-438E-A0A0-9DBC8451D43E} = {702880E0-1154-46A0-BDAE-5C9A3E6DD16F}
	EndGlobalSection
EndGlobal
